PODS:
  - DesignSystem (0.1.0)
  - FeatureNoby (0.1.0):
    - DesignSystem

DEPENDENCIES:
  - DesignSystem (from `../SomeModules/DesignSystem`)
  - FeatureNoby (from `../SomeModules/FeatureNoby`)

EXTERNAL SOURCES:
  DesignSystem:
    :path: "../SomeModules/DesignSystem"
  FeatureNoby:
    :path: "../SomeModules/FeatureNoby"

SPEC CHECKSUMS:
  DesignSystem: a1abad81efb5c949ac9fa0aea3de572ba90a12a2
  FeatureNoby: a0171184552d36f0d0bc8f7db761f409d179c656

PODFILE CHECKSUM: 140424a91a13483ae99bf10a9dfb78e00339fad9

COCOAPODS: 1.10.1
