// !$*UTF8*$!
{
	archiveVersion = 1;
	classes = {
	};
	objectVersion = 50;
	objects = {

/* Begin PBXBuildFile section */
		B0D551E63A30E77D9AE9038B /* Pods_SomeHostApp.framework in Frameworks */ = {isa = PBXBuildFile; fileRef = 19802C1B74A65F5763AB7DE0 /* Pods_SomeHostApp.framework */; };
		BBA477E926F09FB900D433E4 /* AppDelegate.swift in Sources */ = {isa = PBXBuildFile; fileRef = BBA477E826F09FB900D433E4 /* AppDelegate.swift */; };
		BBA477EB26F09FB900D433E4 /* SceneDelegate.swift in Sources */ = {isa = PBXBuildFile; fileRef = BBA477EA26F09FB900D433E4 /* SceneDelegate.swift */; };
		BBA477ED26F09FB900D433E4 /* ViewController.swift in Sources */ = {isa = PBXBuildFile; fileRef = BBA477EC26F09FB900D433E4 /* ViewController.swift */; };
		BBA477F026F09FB900D433E4 /* Main.storyboard in Resources */ = {isa = PBXBuildFile; fileRef = BBA477EE26F09FB900D433E4 /* Main.storyboard */; };
		BBA477F226F09FBB00D433E4 /* Assets.xcassets in Resources */ = {isa = PBXBuildFile; fileRef = BBA477F126F09FBB00D433E4 /* Assets.xcassets */; };
		BBA477F526F09FBB00D433E4 /* LaunchScreen.storyboard in Resources */ = {isa = PBXBuildFile; fileRef = BBA477F326F09FBB00D433E4 /* LaunchScreen.storyboard */; };
/* End PBXBuildFile section */

/* Begin PBXFileReference section */
		19802C1B74A65F5763AB7DE0 /* Pods_SomeHostApp.framework */ = {isa = PBXFileReference; explicitFileType = wrapper.framework; includeInIndex = 0; path = Pods_SomeHostApp.framework; sourceTree = BUILT_PRODUCTS_DIR; };
		25865FFE6A42C5EEEF934165 /* Pods-SomeHostApp.debug.xcconfig */ = {isa = PBXFileReference; includeInIndex = 1; lastKnownFileType = text.xcconfig; name = "Pods-SomeHostApp.debug.xcconfig"; path = "Target Support Files/Pods-SomeHostApp/Pods-SomeHostApp.debug.xcconfig"; sourceTree = "<group>"; };
		40416CA84114DD6958F1571F /* Pods-SomeHostApp.release.xcconfig */ = {isa = PBXFileReference; includeInIndex = 1; lastKnownFileType = text.xcconfig; name = "Pods-SomeHostApp.release.xcconfig"; path = "Target Support Files/Pods-SomeHostApp/Pods-SomeHostApp.release.xcconfig"; sourceTree = "<group>"; };
		BBA477E526F09FB800D433E4 /* SomeHostApp.app */ = {isa = PBXFileReference; explicitFileType = wrapper.application; includeInIndex = 0; path = SomeHostApp.app; sourceTree = BUILT_PRODUCTS_DIR; };
		BBA477E826F09FB900D433E4 /* AppDelegate.swift */ = {isa = PBXFileReference; lastKnownFileType = sourcecode.swift; path = AppDelegate.swift; sourceTree = "<group>"; };
		BBA477EA26F09FB900D433E4 /* SceneDelegate.swift */ = {isa = PBXFileReference; lastKnownFileType = sourcecode.swift; path = SceneDelegate.swift; sourceTree = "<group>"; };
		BBA477EC26F09FB900D433E4 /* ViewController.swift */ = {isa = PBXFileReference; lastKnownFileType = sourcecode.swift; path = ViewController.swift; sourceTree = "<group>"; };
		BBA477EF26F09FB900D433E4 /* Base */ = {isa = PBXFileReference; lastKnownFileType = file.storyboard; name = Base; path = Base.lproj/Main.storyboard; sourceTree = "<group>"; };
		BBA477F126F09FBB00D433E4 /* Assets.xcassets */ = {isa = PBXFileReference; lastKnownFileType = folder.assetcatalog; path = Assets.xcassets; sourceTree = "<group>"; };
		BBA477F426F09FBB00D433E4 /* Base */ = {isa = PBXFileReference; lastKnownFileType = file.storyboard; name = Base; path = Base.lproj/LaunchScreen.storyboard; sourceTree = "<group>"; };
		BBA477F626F09FBB00D433E4 /* Info.plist */ = {isa = PBXFileReference; lastKnownFileType = text.plist.xml; path = Info.plist; sourceTree = "<group>"; };
/* End PBXFileReference section */

/* Begin PBXFrameworksBuildPhase section */
		BBA477E226F09FB800D433E4 /* Frameworks */ = {
			isa = PBXFrameworksBuildPhase;
			buildActionMask = 2147483647;
			files = (
				B0D551E63A30E77D9AE9038B /* Pods_SomeHostApp.framework in Frameworks */,
			);
			runOnlyForDeploymentPostprocessing = 0;
		};
/* End PBXFrameworksBuildPhase section */

/* Begin PBXGroup section */
		BBA477DC26F09FB800D433E4 = {
			isa = PBXGroup;
			children = (
				BBA477E726F09FB900D433E4 /* SomeHostApp */,
				BBA477E626F09FB800D433E4 /* Products */,
				F316366AEE3DBD39610FEE4F /* Pods */,
				DE73D90888ED84E8BAF45B19 /* Frameworks */,
			);
			sourceTree = "<group>";
		};
		BBA477E626F09FB800D433E4 /* Products */ = {
			isa = PBXGroup;
			children = (
				BBA477E526F09FB800D433E4 /* SomeHostApp.app */,
			);
			name = Products;
			sourceTree = "<group>";
		};
		BBA477E726F09FB900D433E4 /* SomeHostApp */ = {
			isa = PBXGroup;
			children = (
				BBA477E826F09FB900D433E4 /* AppDelegate.swift */,
				BBA477EA26F09FB900D433E4 /* SceneDelegate.swift */,
				BBA477EC26F09FB900D433E4 /* ViewController.swift */,
				BBA477EE26F09FB900D433E4 /* Main.storyboard */,
				BBA477F126F09FBB00D433E4 /* Assets.xcassets */,
				BBA477F326F09FBB00D433E4 /* LaunchScreen.storyboard */,
				BBA477F626F09FBB00D433E4 /* Info.plist */,
			);
			path = SomeHostApp;
			sourceTree = "<group>";
		};
		DE73D90888ED84E8BAF45B19 /* Frameworks */ = {
			isa = PBXGroup;
			children = (
				19802C1B74A65F5763AB7DE0 /* Pods_SomeHostApp.framework */,
			);
			name = Frameworks;
			sourceTree = "<group>";
		};
		F316366AEE3DBD39610FEE4F /* Pods */ = {
			isa = PBXGroup;
			children = (
				25865FFE6A42C5EEEF934165 /* Pods-SomeHostApp.debug.xcconfig */,
				40416CA84114DD6958F1571F /* Pods-SomeHostApp.release.xcconfig */,
			);
			name = Pods;
			path = Pods;
			sourceTree = "<group>";
		};
/* End PBXGroup section */

/* Begin PBXNativeTarget section */
		BBA477E426F09FB800D433E4 /* SomeHostApp */ = {
			isa = PBXNativeTarget;
			buildConfigurationList = BBA477F926F09FBB00D433E4 /* Build configuration list for PBXNativeTarget "SomeHostApp" */;
			buildPhases = (
				E8BC6F98595651B86F08DC57 /* [CP] Check Pods Manifest.lock */,
				BBA477E126F09FB800D433E4 /* Sources */,
				BBA477E226F09FB800D433E4 /* Frameworks */,
				BBA477E326F09FB800D433E4 /* Resources */,
				CE5F5487AC92ABCCB46DAC89 /* [CP] Embed Pods Frameworks */,
			);
			buildRules = (
			);
			dependencies = (
			);
			name = SomeHostApp;
			productName = SomeHostApp;
			productReference = BBA477E526F09FB800D433E4 /* SomeHostApp.app */;
			productType = "com.apple.product-type.application";
		};
/* End PBXNativeTarget section */

/* Begin PBXProject section */
		BBA477DD26F09FB800D433E4 /* Project object */ = {
			isa = PBXProject;
			attributes = {
				LastSwiftUpdateCheck = 1250;
				LastUpgradeCheck = 1250;
				TargetAttributes = {
					BBA477E426F09FB800D433E4 = {
						CreatedOnToolsVersion = 12.5;
					};
				};
			};
			buildConfigurationList = BBA477E026F09FB800D433E4 /* Build configuration list for PBXProject "SomeHostApp" */;
			compatibilityVersion = "Xcode 9.3";
			developmentRegion = en;
			hasScannedForEncodings = 0;
			knownRegions = (
				en,
				Base,
			);
			mainGroup = BBA477DC26F09FB800D433E4;
			productRefGroup = BBA477E626F09FB800D433E4 /* Products */;
			projectDirPath = "";
			projectRoot = "";
			targets = (
				BBA477E426F09FB800D433E4 /* SomeHostApp */,
			);
		};
/* End PBXProject section */

/* Begin PBXResourcesBuildPhase section */
		BBA477E326F09FB800D433E4 /* Resources */ = {
			isa = PBXResourcesBuildPhase;
			buildActionMask = 2147483647;
			files = (
				BBA477F526F09FBB00D433E4 /* LaunchScreen.storyboard in Resources */,
				BBA477F226F09FBB00D433E4 /* Assets.xcassets in Resources */,
				BBA477F026F09FB900D433E4 /* Main.storyboard in Resources */,
			);
			runOnlyForDeploymentPostprocessing = 0;
		};
/* End PBXResourcesBuildPhase section */

/* Begin PBXShellScriptBuildPhase section */
		CE5F5487AC92ABCCB46DAC89 /* [CP] Embed Pods Frameworks */ = {
			isa = PBXShellScriptBuildPhase;
			buildActionMask = 2147483647;
			files = (
			);
			inputFileListPaths = (
				"${PODS_ROOT}/Target Support Files/Pods-SomeHostApp/Pods-SomeHostApp-frameworks-${CONFIGURATION}-input-files.xcfilelist",
			);
			name = "[CP] Embed Pods Frameworks";
			outputFileListPaths = (
				"${PODS_ROOT}/Target Support Files/Pods-SomeHostApp/Pods-SomeHostApp-frameworks-${CONFIGURATION}-output-files.xcfilelist",
			);
			runOnlyForDeploymentPostprocessing = 0;
			shellPath = /bin/sh;
			shellScript = "\"${PODS_ROOT}/Target Support Files/Pods-SomeHostApp/Pods-SomeHostApp-frameworks.sh\"\n";
			showEnvVarsInLog = 0;
		};
		E8BC6F98595651B86F08DC57 /* [CP] Check Pods Manifest.lock */ = {
			isa = PBXShellScriptBuildPhase;
			buildActionMask = 2147483647;
			files = (
			);
			inputFileListPaths = (
			);
			inputPaths = (
				"${PODS_PODFILE_DIR_PATH}/Podfile.lock",
				"${PODS_ROOT}/Manifest.lock",
			);
			name = "[CP] Check Pods Manifest.lock";
			outputFileListPaths = (
			);
			outputPaths = (
				"$(DERIVED_FILE_DIR)/Pods-SomeHostApp-checkManifestLockResult.txt",
			);
			runOnlyForDeploymentPostprocessing = 0;
			shellPath = /bin/sh;
			shellScript = "diff \"${PODS_PODFILE_DIR_PATH}/Podfile.lock\" \"${PODS_ROOT}/Manifest.lock\" > /dev/null\nif [ $? != 0 ] ; then\n    # print error to STDERR\n    echo \"error: The sandbox is not in sync with the Podfile.lock. Run 'pod install' or update your CocoaPods installation.\" >&2\n    exit 1\nfi\n# This output is used by Xcode 'outputs' to avoid re-running this script phase.\necho \"SUCCESS\" > \"${SCRIPT_OUTPUT_FILE_0}\"\n";
			showEnvVarsInLog = 0;
		};
/* End PBXShellScriptBuildPhase section */

/* Begin PBXSourcesBuildPhase section */
		BBA477E126F09FB800D433E4 /* Sources */ = {
			isa = PBXSourcesBuildPhase;
			buildActionMask = 2147483647;
			files = (
				BBA477ED26F09FB900D433E4 /* ViewController.swift in Sources */,
				BBA477E926F09FB900D433E4 /* AppDelegate.swift in Sources */,
				BBA477EB26F09FB900D433E4 /* SceneDelegate.swift in Sources */,
			);
			runOnlyForDeploymentPostprocessing = 0;
		};
/* End PBXSourcesBuildPhase section */

/* Begin PBXVariantGroup section */
		BBA477EE26F09FB900D433E4 /* Main.storyboard */ = {
			isa = PBXVariantGroup;
			children = (
				BBA477EF26F09FB900D433E4 /* Base */,
			);
			name = Main.storyboard;
			sourceTree = "<group>";
		};
		BBA477F326F09FBB00D433E4 /* LaunchScreen.storyboard */ = {
			isa = PBXVariantGroup;
			children = (
				BBA477F426F09FBB00D433E4 /* Base */,
			);
			name = LaunchScreen.storyboard;
			sourceTree = "<group>";
		};
/* End PBXVariantGroup section */

/* Begin XCBuildConfiguration section */
		BBA477F726F09FBB00D433E4 /* Debug */ = {
			isa = XCBuildConfiguration;
			buildSettings = {
				ALWAYS_SEARCH_USER_PATHS = NO;
				CLANG_ANALYZER_NONNULL = YES;
				CLANG_ANALYZER_NUMBER_OBJECT_CONVERSION = YES_AGGRESSIVE;
				CLANG_CXX_LANGUAGE_STANDARD = "gnu++14";
				CLANG_CXX_LIBRARY = "libc++";
				CLANG_ENABLE_MODULES = YES;
				CLANG_ENABLE_OBJC_ARC = YES;
				CLANG_ENABLE_OBJC_WEAK = YES;
				CLANG_WARN_BLOCK_CAPTURE_AUTORELEASING = YES;
				CLANG_WARN_BOOL_CONVERSION = YES;
				CLANG_WARN_COMMA = YES;
				CLANG_WARN_CONSTANT_CONVERSION = YES;
				CLANG_WARN_DEPRECATED_OBJC_IMPLEMENTATIONS = YES;
				CLANG_WARN_DIRECT_OBJC_ISA_USAGE = YES_ERROR;
				CLANG_WARN_DOCUMENTATION_COMMENTS = YES;
				CLANG_WARN_EMPTY_BODY = YES;
				CLANG_WARN_ENUM_CONVERSION = YES;
				CLANG_WARN_INFINITE_RECURSION = YES;
				CLANG_WARN_INT_CONVERSION = YES;
				CLANG_WARN_NON_LITERAL_NULL_CONVERSION = YES;
				CLANG_WARN_OBJC_IMPLICIT_RETAIN_SELF = YES;
				CLANG_WARN_OBJC_LITERAL_CONVERSION = YES;
				CLANG_WARN_OBJC_ROOT_CLASS = YES_ERROR;
				CLANG_WARN_QUOTED_INCLUDE_IN_FRAMEWORK_HEADER = YES;
				CLANG_WARN_RANGE_LOOP_ANALYSIS = YES;
				CLANG_WARN_STRICT_PROTOTYPES = YES;
				CLANG_WARN_SUSPICIOUS_MOVE = YES;
				CLANG_WARN_UNGUARDED_AVAILABILITY = YES_AGGRESSIVE;
				CLANG_WARN_UNREACHABLE_CODE = YES;
				CLANG_WARN__DUPLICATE_METHOD_MATCH = YES;
				COPY_PHASE_STRIP = NO;
				DEBUG_INFORMATION_FORMAT = dwarf;
				ENABLE_STRICT_OBJC_MSGSEND = YES;
				ENABLE_TESTABILITY = YES;
				GCC_C_LANGUAGE_STANDARD = gnu11;
				GCC_DYNAMIC_NO_PIC = NO;
				GCC_NO_COMMON_BLOCKS = YES;
				GCC_OPTIMIZATION_LEVEL = 0;
				GCC_PREPROCESSOR_DEFINITIONS = (
					"DEBUG=1",
					"$(inherited)",
				);
				GCC_WARN_64_TO_32_BIT_CONVERSION = YES;
				GCC_WARN_ABOUT_RETURN_TYPE = YES_ERROR;
				GCC_WARN_UNDECLARED_SELECTOR = YES;
				GCC_WARN_UNINITIALIZED_AUTOS = YES_AGGRESSIVE;
				GCC_WARN_UNUSED_FUNCTION = YES;
				GCC_WARN_UNUSED_VARIABLE = YES;
				IPHONEOS_DEPLOYMENT_TARGET = 14.5;
				MTL_ENABLE_DEBUG_INFO = INCLUDE_SOURCE;
				MTL_FAST_MATH = YES;
				ONLY_ACTIVE_ARCH = YES;
				SDKROOT = iphoneos;
				SWIFT_ACTIVE_COMPILATION_CONDITIONS = DEBUG;
				SWIFT_OPTIMIZATION_LEVEL = "-Onone";
			};
			name = Debug;
		};
		BBA477F826F09FBB00D433E4 /* Release */ = {
			isa = XCBuildConfiguration;
			buildSettings = {
				ALWAYS_SEARCH_USER_PATHS = NO;
				CLANG_ANALYZER_NONNULL = YES;
				CLANG_ANALYZER_NUMBER_OBJECT_CONVERSION = YES_AGGRESSIVE;
				CLANG_CXX_LANGUAGE_STANDARD = "gnu++14";
				CLANG_CXX_LIBRARY = "libc++";
				CLANG_ENABLE_MODULES = YES;
				CLANG_ENABLE_OBJC_ARC = YES;
				CLANG_ENABLE_OBJC_WEAK = YES;
				CLANG_WARN_BLOCK_CAPTURE_AUTORELEASING = YES;
				CLANG_WARN_BOOL_CONVERSION = YES;
				CLANG_WARN_COMMA = YES;
				CLANG_WARN_CONSTANT_CONVERSION = YES;
				CLANG_WARN_DEPRECATED_OBJC_IMPLEMENTATIONS = YES;
				CLANG_WARN_DIRECT_OBJC_ISA_USAGE = YES_ERROR;
				CLANG_WARN_DOCUMENTATION_COMMENTS = YES;
				CLANG_WARN_EMPTY_BODY = YES;
				CLANG_WARN_ENUM_CONVERSION = YES;
				CLANG_WARN_INFINITE_RECURSION = YES;
				CLANG_WARN_INT_CONVERSION = YES;
				CLANG_WARN_NON_LITERAL_NULL_CONVERSION = YES;
				CLANG_WARN_OBJC_IMPLICIT_RETAIN_SELF = YES;
				CLANG_WARN_OBJC_LITERAL_CONVERSION = YES;
				CLANG_WARN_OBJC_ROOT_CLASS = YES_ERROR;
				CLANG_WARN_QUOTED_INCLUDE_IN_FRAMEWORK_HEADER = YES;
				CLANG_WARN_RANGE_LOOP_ANALYSIS = YES;
				CLANG_WARN_STRICT_PROTOTYPES = YES;
				CLANG_WARN_SUSPICIOUS_MOVE = YES;
				CLANG_WARN_UNGUARDED_AVAILABILITY = YES_AGGRESSIVE;
				CLANG_WARN_UNREACHABLE_CODE = YES;
				CLANG_WARN__DUPLICATE_METHOD_MATCH = YES;
				COPY_PHASE_STRIP = NO;
				DEBUG_INFORMATION_FORMAT = "dwarf-with-dsym";
				ENABLE_NS_ASSERTIONS = NO;
				ENABLE_STRICT_OBJC_MSGSEND = YES;
				GCC_C_LANGUAGE_STANDARD = gnu11;
				GCC_NO_COMMON_BLOCKS = YES;
				GCC_WARN_64_TO_32_BIT_CONVERSION = YES;
				GCC_WARN_ABOUT_RETURN_TYPE = YES_ERROR;
				GCC_WARN_UNDECLARED_SELECTOR = YES;
				GCC_WARN_UNINITIALIZED_AUTOS = YES_AGGRESSIVE;
				GCC_WARN_UNUSED_FUNCTION = YES;
				GCC_WARN_UNUSED_VARIABLE = YES;
				IPHONEOS_DEPLOYMENT_TARGET = 14.5;
				MTL_ENABLE_DEBUG_INFO = NO;
				MTL_FAST_MATH = YES;
				SDKROOT = iphoneos;
				SWIFT_COMPILATION_MODE = wholemodule;
				SWIFT_OPTIMIZATION_LEVEL = "-O";
				VALIDATE_PRODUCT = YES;
			};
			name = Release;
		};
		BBA477FA26F09FBB00D433E4 /* Debug */ = {
			isa = XCBuildConfiguration;
			baseConfigurationReference = 25865FFE6A42C5EEEF934165 /* Pods-SomeHostApp.debug.xcconfig */;
			buildSettings = {
				ASSETCATALOG_COMPILER_APPICON_NAME = AppIcon;
				ASSETCATALOG_COMPILER_GLOBAL_ACCENT_COLOR_NAME = AccentColor;
				CODE_SIGN_STYLE = Automatic;
				DEVELOPMENT_TEAM = L64F6H3T9C;
				INFOPLIST_FILE = SomeHostApp/Info.plist;
				LD_RUNPATH_SEARCH_PATHS = (
					"$(inherited)",
					"@executable_path/Frameworks",
				);
				PRODUCT_BUNDLE_IDENTIFIER = com.moguraproject.SomeHostApp;
				PRODUCT_NAME = "$(TARGET_NAME)";
				SWIFT_VERSION = 5.0;
				TARGETED_DEVICE_FAMILY = "1,2";
			};
			name = Debug;
		};
		BBA477FB26F09FBB00D433E4 /* Release */ = {
			isa = XCBuildConfiguration;
			baseConfigurationReference = 40416CA84114DD6958F1571F /* Pods-SomeHostApp.release.xcconfig */;
			buildSettings = {
				ASSETCATALOG_COMPILER_APPICON_NAME = AppIcon;
				ASSETCATALOG_COMPILER_GLOBAL_ACCENT_COLOR_NAME = AccentColor;
				CODE_SIGN_STYLE = Automatic;
				DEVELOPMENT_TEAM = L64F6H3T9C;
				INFOPLIST_FILE = SomeHostApp/Info.plist;
				LD_RUNPATH_SEARCH_PATHS = (
					"$(inherited)",
					"@executable_path/Frameworks",
				);
				PRODUCT_BUNDLE_IDENTIFIER = com.moguraproject.SomeHostApp;
				PRODUCT_NAME = "$(TARGET_NAME)";
				SWIFT_VERSION = 5.0;
				TARGETED_DEVICE_FAMILY = "1,2";
			};
			name = Release;
		};
/* End XCBuildConfiguration section */

/* Begin XCConfigurationList section */
		BBA477E026F09FB800D433E4 /* Build configuration list for PBXProject "SomeHostApp" */ = {
			isa = XCConfigurationList;
			buildConfigurations = (
				BBA477F726F09FBB00D433E4 /* Debug */,
				BBA477F826F09FBB00D433E4 /* Release */,
			);
			defaultConfigurationIsVisible = 0;
			defaultConfigurationName = Release;
		};
		BBA477F926F09FBB00D433E4 /* Build configuration list for PBXNativeTarget "SomeHostApp" */ = {
			isa = XCConfigurationList;
			buildConfigurations = (
				BBA477FA26F09FBB00D433E4 /* Debug */,
				BBA477FB26F09FBB00D433E4 /* Release */,
			);
			defaultConfigurationIsVisible = 0;
			defaultConfigurationName = Release;
		};
/* End XCConfigurationList section */
	};
	rootObject = BBA477DD26F09FB800D433E4 /* Project object */;
}
